
Microsoft Visual Studio Solution File, Format Version 10.00
# Visual Studio 2008
Project("{8BC9CEB8-8B4A-11D0-8D11-00A0C91BC942}") = "complience", "complience\complience.vcproj", "{3DFF0C3D-6DCA-4EF4-9ADA-608DA0C3F7CA}"
EndProject
Global
	GlobalSection(SolutionConfigurationPlatforms) = preSolution
		Debug|Win32 = Debug|Win32
		Release|Win32 = Release|Win32
	EndGlobalSection
	GlobalSection(ProjectConfigurationPlatforms) = postSolution
		{3DFF0C3D-6DCA-4EF4-9ADA-608DA0C3F7CA}.Debug|Win32.ActiveCfg = Debug|Win32
		{3DFF0C3D-6DCA-4EF4-9ADA-608DA0C3F7CA}.Debug|Win32.Build.0 = Debug|Win32
		{3DFF0C3D-6DCA-4EF4-9ADA-608DA0C3F7CA}.Release|Win32.ActiveCfg = Release|Win32
		{3DFF0C3D-6DCA-4EF4-9ADA-608DA0C3F7CA}.Release|Win32.Build.0 = Release|Win32
	EndGlobalSection
	GlobalSection(SolutionProperties) = preSolution
		HideSolutionNode = FALSE
	EndGlobalSection
EndGlobal
