
Microsoft Visual Studio Solution File, Format Version 10.00
# Visual Studio 2008
Project("{8BC9CEB8-8B4A-11D0-8D11-00A0C91BC942}") = "aplorg", "aplorg\aplorg.vcproj", "{AC78816C-A47E-4B3B-980B-12048C6EE31D}"
EndProject
Global
	GlobalSection(SolutionConfigurationPlatforms) = preSolution
		Debug|Win32 = Debug|Win32
		Release|Win32 = Release|Win32
	EndGlobalSection
	GlobalSection(ProjectConfigurationPlatforms) = postSolution
		{AC78816C-A47E-4B3B-980B-12048C6EE31D}.Debug|Win32.ActiveCfg = Debug|Win32
		{AC78816C-A47E-4B3B-980B-12048C6EE31D}.Debug|Win32.Build.0 = Debug|Win32
		{AC78816C-A47E-4B3B-980B-12048C6EE31D}.Release|Win32.ActiveCfg = Release|Win32
		{AC78816C-A47E-4B3B-980B-12048C6EE31D}.Release|Win32.Build.0 = Release|Win32
	EndGlobalSection
	GlobalSection(SolutionProperties) = preSolution
		HideSolutionNode = FALSE
	EndGlobalSection
EndGlobal
